{
  "version": 4,
  "terraform_version": "1.14.1",
  "serial": 102,
  "lineage": "62d75c63-4c53-40a6-24fa-06e84ec3251c",
  "outputs": {},
  "resources": [
    {
      "mode": "managed",
      "type": "aws_ecr_repository",
      "name": "agentcore_terraform_runtime",
      "provider": "provider[\"registry.terraform.io/hashicorp/aws\"]",
      "instances": [
        {
          "schema_version": 0,
          "attributes": {
            "arn": "arn:aws:ecr:ap-northeast-1:593713876380:repository/bedrock-agentcore/ultracyan",
            "encryption_configuration": [
              {
                "encryption_type": "KMS",
                "kms_key": "arn:aws:kms:ap-northeast-1:593713876380:key/92a6f826-e63f-427b-aab1-79b2e7a80d3e"
              }
            ],
            "force_delete": null,
            "id": "bedrock-agentcore/ultracyan",
            "image_scanning_configuration": [
              {
                "scan_on_push": true
              }
            ],
            "image_tag_mutability": "MUTABLE",
            "image_tag_mutability_exclusion_filter": [],
            "name": "bedrock-agentcore/ultracyan",
            "region": "ap-northeast-1",
            "registry_id": "593713876380",
            "repository_url": "593713876380.dkr.ecr.ap-northeast-1.amazonaws.com/bedrock-agentcore/ultracyan",
            "tags": {},
            "tags_all": {},
            "timeouts": null
          },
          "sensitive_attributes": [],
          "identity_schema_version": 0,
          "identity": {
            "account_id": "593713876380",
            "name": "bedrock-agentcore/ultracyan",
            "region": "ap-northeast-1"
          },
          "private": "eyJlMmJmYjczMC1lY2FhLTExZTYtOGY4OC0zNDM2M2JjN2M0YzAiOnsiZGVsZXRlIjoxMjAwMDAwMDAwMDAwfX0="
        }
      ]
    }
  ],
  "check_results": null
}
